
Microsoft Visual Studio Solution File, Format Version 12.00
# Visual Studio 15
VisualStudioVersion = 15.0.28307.1433
MinimumVisualStudioVersion = 10.0.40219.1
Project("{F184B08F-C81C-45F6-A57F-5ABD9991F28F}") = "Smk Nusantara Store", "Smk Nusantara Store\Smk Nusantara Store.vbproj", "{8BD4D5A1-4B9A-4A08-B4C6-57E2019C04A1}"
EndProject
Global
	GlobalSection(SolutionConfigurationPlatforms) = preSolution
		Debug|Any CPU = Debug|Any CPU
		Release|Any CPU = Release|Any CPU
	EndGlobalSection
	GlobalSection(ProjectConfigurationPlatforms) = postSolution
		{8BD4D5A1-4B9A-4A08-B4C6-57E2019C04A1}.Debug|Any CPU.ActiveCfg = Debug|Any CPU
		{8BD4D5A1-4B9A-4A08-B4C6-57E2019C04A1}.Debug|Any CPU.Build.0 = Debug|Any CPU
		{8BD4D5A1-4B9A-4A08-B4C6-57E2019C04A1}.Release|Any CPU.ActiveCfg = Release|Any CPU
		{8BD4D5A1-4B9A-4A08-B4C6-57E2019C04A1}.Release|Any CPU.Build.0 = Release|Any CPU
	EndGlobalSection
	GlobalSection(SolutionProperties) = preSolution
		HideSolutionNode = FALSE
	EndGlobalSection
	GlobalSection(ExtensibilityGlobals) = postSolution
		SolutionGuid = {9DFCF6E0-C006-48C0-B380-8A8073DDE809}
	EndGlobalSection
EndGlobal
